
Microsoft Visual Studio Solution File, Format Version 12.00
# Visual Studio 15
VisualStudioVersion = 15.0.28307.168
MinimumVisualStudioVersion = 10.0.40219.1
Project("{9A19103F-16F7-4668-BE54-9A1E7A4F7556}") = "PuzzleSolver", "PuzzleSolver\PuzzleSolver.csproj", "{DC23B9EE-BEB1-4C00-BBF6-D630BF9E0B5F}"
EndProject
Project("{FAE04EC0-301F-11D3-BF4B-00C04F79EFBC}") = "PuzzleExtractor", "PuzzleExtractor\PuzzleExtractor.csproj", "{DAFEBD59-D94A-482C-BC02-FCB575516F5C}"
EndProject
Project("{FAE04EC0-301F-11D3-BF4B-00C04F79EFBC}") = "PuzzleExtractor.Forms", "PuzzleExtractor.Forms\PuzzleExtractor.Forms.csproj", "{B0D65DC1-F895-4975-A01C-74A89B3F2B68}"
EndProject
Global
	GlobalSection(SolutionConfigurationPlatforms) = preSolution
		Debug|Any CPU = Debug|Any CPU
		Release|Any CPU = Release|Any CPU
	EndGlobalSection
	GlobalSection(ProjectConfigurationPlatforms) = postSolution
		{DC23B9EE-BEB1-4C00-BBF6-D630BF9E0B5F}.Debug|Any CPU.ActiveCfg = Debug|Any CPU
		{DC23B9EE-BEB1-4C00-BBF6-D630BF9E0B5F}.Debug|Any CPU.Build.0 = Debug|Any CPU
		{DC23B9EE-BEB1-4C00-BBF6-D630BF9E0B5F}.Release|Any CPU.ActiveCfg = Release|Any CPU
		{DC23B9EE-BEB1-4C00-BBF6-D630BF9E0B5F}.Release|Any CPU.Build.0 = Release|Any CPU
		{DAFEBD59-D94A-482C-BC02-FCB575516F5C}.Debug|Any CPU.ActiveCfg = Debug|Any CPU
		{DAFEBD59-D94A-482C-BC02-FCB575516F5C}.Debug|Any CPU.Build.0 = Debug|Any CPU
		{DAFEBD59-D94A-482C-BC02-FCB575516F5C}.Release|Any CPU.ActiveCfg = Release|Any CPU
		{DAFEBD59-D94A-482C-BC02-FCB575516F5C}.Release|Any CPU.Build.0 = Release|Any CPU
		{B0D65DC1-F895-4975-A01C-74A89B3F2B68}.Debug|Any CPU.ActiveCfg = Debug|Any CPU
		{B0D65DC1-F895-4975-A01C-74A89B3F2B68}.Debug|Any CPU.Build.0 = Debug|Any CPU
		{B0D65DC1-F895-4975-A01C-74A89B3F2B68}.Release|Any CPU.ActiveCfg = Release|Any CPU
		{B0D65DC1-F895-4975-A01C-74A89B3F2B68}.Release|Any CPU.Build.0 = Release|Any CPU
	EndGlobalSection
	GlobalSection(SolutionProperties) = preSolution
		HideSolutionNode = FALSE
	EndGlobalSection
	GlobalSection(ExtensibilityGlobals) = postSolution
		SolutionGuid = {B162D03A-6994-4684-BD63-A88F52D5B4F3}
	EndGlobalSection
EndGlobal
