
Microsoft Visual Studio Solution File, Format Version 12.00
# Visual Studio Version 16
VisualStudioVersion = 16.0.30011.22
MinimumVisualStudioVersion = 10.0.40219.1
Project("{FAE04EC0-301F-11D3-BF4B-00C04F79EFBC}") = "PuzzleExtractor", "PuzzleExtractor\PuzzleExtractor.csproj", "{DAFEBD59-D94A-482C-BC02-FCB575516F5C}"
EndProject
Project("{FAE04EC0-301F-11D3-BF4B-00C04F79EFBC}") = "PuzzleExtractor.Forms", "PuzzleExtractor.Forms\PuzzleExtractor.Forms.csproj", "{B0D65DC1-F895-4975-A01C-74A89B3F2B68}"
EndProject
Global
	GlobalSection(SolutionConfigurationPlatforms) = preSolution
		Debug|Any CPU = Debug|Any CPU
		Release|Any CPU = Release|Any CPU
	EndGlobalSection
	GlobalSection(ProjectConfigurationPlatforms) = postSolution
		{DAFEBD59-D94A-482C-BC02-FCB575516F5C}.Debug|Any CPU.ActiveCfg = Debug|Any CPU
		{DAFEBD59-D94A-482C-BC02-FCB575516F5C}.Debug|Any CPU.Build.0 = Debug|Any CPU
		{DAFEBD59-D94A-482C-BC02-FCB575516F5C}.Release|Any CPU.ActiveCfg = Release|Any CPU
		{DAFEBD59-D94A-482C-BC02-FCB575516F5C}.Release|Any CPU.Build.0 = Release|Any CPU
		{B0D65DC1-F895-4975-A01C-74A89B3F2B68}.Debug|Any CPU.ActiveCfg = Debug|Any CPU
		{B0D65DC1-F895-4975-A01C-74A89B3F2B68}.Debug|Any CPU.Build.0 = Debug|Any CPU
		{B0D65DC1-F895-4975-A01C-74A89B3F2B68}.Release|Any CPU.ActiveCfg = Release|Any CPU
		{B0D65DC1-F895-4975-A01C-74A89B3F2B68}.Release|Any CPU.Build.0 = Release|Any CPU
	EndGlobalSection
	GlobalSection(SolutionProperties) = preSolution
		HideSolutionNode = FALSE
	EndGlobalSection
	GlobalSection(ExtensibilityGlobals) = postSolution
		SolutionGuid = {B162D03A-6994-4684-BD63-A88F52D5B4F3}
	EndGlobalSection
EndGlobal
